{
  "requires": true,
  "lockfileVersion": 1,
  "dependencies": {
    "bulma": {
      "version": "0.9.3",
      "resolved": "https://registry.npmjs.org/bulma/-/bulma-0.9.3.tgz",
      "integrity": "sha512-0d7GNW1PY4ud8TWxdNcP6Cc8Bu7MxcntD/RRLGWuiw/s0a9P+XlH/6QoOIrmbj6o8WWJzJYhytiu9nFjTszk1g=="
    },
    "follow-redirects": {
      "version": "1.14.6",
      "resolved": "https://registry.npmjs.org/follow-redirects/-/follow-redirects-1.14.6.tgz",
      "integrity": "sha512-fhUl5EwSJbbl8AR+uYL2KQDxLkdSjZGR36xy46AO7cOMTrCMON6Sa28FmAnC2tRTDbd/Uuzz3aJBv7EBN7JH8A=="
    }
  }
}
